
Microsoft Visual Studio Solution File, Format Version 12.00
# Visual Studio Version 16
VisualStudioVersion = 16.0.30420.98
MinimumVisualStudioVersion = 10.0.40219.1
Project("{FAE04EC0-301F-11D3-BF4B-00C04F79EFBC}") = "ElBuenPrecioCliente", "ElBuenPrecioCliente\ElBuenPrecioCliente.csproj", "{716FD7A1-6F2D-4EB8-8E89-19330356C7C8}"
EndProject
Global
	GlobalSection(SolutionConfigurationPlatforms) = preSolution
		Debug|Any CPU = Debug|Any CPU
		Release|Any CPU = Release|Any CPU
	EndGlobalSection
	GlobalSection(ProjectConfigurationPlatforms) = postSolution
		{716FD7A1-6F2D-4EB8-8E89-19330356C7C8}.Debug|Any CPU.ActiveCfg = Debug|Any CPU
		{716FD7A1-6F2D-4EB8-8E89-19330356C7C8}.Debug|Any CPU.Build.0 = Debug|Any CPU
		{716FD7A1-6F2D-4EB8-8E89-19330356C7C8}.Release|Any CPU.ActiveCfg = Release|Any CPU
		{716FD7A1-6F2D-4EB8-8E89-19330356C7C8}.Release|Any CPU.Build.0 = Release|Any CPU
	EndGlobalSection
	GlobalSection(SolutionProperties) = preSolution
		HideSolutionNode = FALSE
	EndGlobalSection
	GlobalSection(ExtensibilityGlobals) = postSolution
		SolutionGuid = {884E24F1-62AB-40BD-8FBD-BFA06FEA8AB8}
	EndGlobalSection
EndGlobal
