
Microsoft Visual Studio Solution File, Format Version 12.00
# Visual Studio Version 16
VisualStudioVersion = 16.0.30404.54
MinimumVisualStudioVersion = 10.0.40219.1
Project("{FAE04EC0-301F-11D3-BF4B-00C04F79EFBC}") = "ElBuenPrecio.Entidades", "ElBuenPrecio.Entidades\ElBuenPrecio.Entidades.csproj", "{9CEC4945-4856-49D7-A811-1483482F4C75}"
EndProject
Global
	GlobalSection(SolutionConfigurationPlatforms) = preSolution
		Debug|Any CPU = Debug|Any CPU
		Release|Any CPU = Release|Any CPU
	EndGlobalSection
	GlobalSection(ProjectConfigurationPlatforms) = postSolution
		{9CEC4945-4856-49D7-A811-1483482F4C75}.Debug|Any CPU.ActiveCfg = Debug|Any CPU
		{9CEC4945-4856-49D7-A811-1483482F4C75}.Debug|Any CPU.Build.0 = Debug|Any CPU
		{9CEC4945-4856-49D7-A811-1483482F4C75}.Release|Any CPU.ActiveCfg = Release|Any CPU
		{9CEC4945-4856-49D7-A811-1483482F4C75}.Release|Any CPU.Build.0 = Release|Any CPU
	EndGlobalSection
	GlobalSection(SolutionProperties) = preSolution
		HideSolutionNode = FALSE
	EndGlobalSection
	GlobalSection(ExtensibilityGlobals) = postSolution
		SolutionGuid = {4C5FDB38-38AA-403A-A382-AC13807CFD31}
	EndGlobalSection
EndGlobal
